{
  "version": 1,
  "dependencies": {
    "net7.0": {
      "Microsoft.VisualStudio.Azure.Containers.Tools.Targets": {
        "type": "Direct",
        "requested": "[1.17.0, )",
        "resolved": "1.17.0",
        "contentHash": "gfDtAL1WhkjbRdbZlt/ZeQYCbgRpNCZCGj+yeqHObsNFRDHjq8qZJOX9AyTxJpSRYMi9SJk7JDyAbbVYRgEhAA=="
      }
    }
  }
}